
Microsoft Visual Studio Solution File, Format Version 12.00
# Visual Studio Version 17
VisualStudioVersion = 17.5.33502.453
MinimumVisualStudioVersion = 10.0.40219.1
Project("{FAE04EC0-301F-11D3-BF4B-00C04F79EFBC}") = "Exer3", "Exer3\Exer3.csproj", "{5ADC0C6C-DA4F-4BEC-A391-6E9326C705C3}"
EndProject
Global
	GlobalSection(SolutionConfigurationPlatforms) = preSolution
		Debug|Any CPU = Debug|Any CPU
		Release|Any CPU = Release|Any CPU
	EndGlobalSection
	GlobalSection(ProjectConfigurationPlatforms) = postSolution
		{5ADC0C6C-DA4F-4BEC-A391-6E9326C705C3}.Debug|Any CPU.ActiveCfg = Debug|Any CPU
		{5ADC0C6C-DA4F-4BEC-A391-6E9326C705C3}.Debug|Any CPU.Build.0 = Debug|Any CPU
		{5ADC0C6C-DA4F-4BEC-A391-6E9326C705C3}.Release|Any CPU.ActiveCfg = Release|Any CPU
		{5ADC0C6C-DA4F-4BEC-A391-6E9326C705C3}.Release|Any CPU.Build.0 = Release|Any CPU
	EndGlobalSection
	GlobalSection(SolutionProperties) = preSolution
		HideSolutionNode = FALSE
	EndGlobalSection
	GlobalSection(ExtensibilityGlobals) = postSolution
		SolutionGuid = {92FC08DD-8A68-4199-ABB9-8DFD45C1395C}
	EndGlobalSection
EndGlobal
